# THIS IS AN AUTOGENERATED FILE. DO NOT EDIT THIS FILE DIRECTLY.
# yarn lockfile v1


chart.js@^3.3.0:
  version "3.3.0"
  resolved "https://registry.yarnpkg.com/chart.js/-/chart.js-3.3.0.tgz#c5be3807cf902b19bfe166ef853d786f66a53f8b"
  integrity sha512-3pO3kL2st1Lzhw+HTGvDwcNYWustHwvApM/v7b2td6CrthyEygbPoXaN/iGZfUpfuovZfJ4dy129RCr39BR1Bg==
